// !$*UTF8*$!
{
	archiveVersion = 1;
	classes = {
	};
	objectVersion = 46;
	objects = {

/* Begin PBXBuildFile section */
		42DC570C1940DCEB005044F1 /* libea.a in Frameworks */ = {isa = PBXBuildFile; fileRef = 42DC570A1940C99D005044F1 /* libea.a */; };
		481E14461C5FB89C00FF4F51 /* libea.a in Frameworks */ = {isa = PBXBuildFile; fileRef = 42DC570A1940C99D005044F1 /* libea.a */; };
		481E144C1C5FB8AE00FF4F51 /* islandmodel.cpp in Sources */ = {isa = PBXBuildFile; fileRef = 482C7A191C5BE6C400F3D7F7 /* islandmodel.cpp */; };
		481F3C0D1C8DE3EE00325485 /* libea.a in Frameworks */ = {isa = PBXBuildFile; fileRef = 42DC570A1940C99D005044F1 /* libea.a */; };
		481F3C131C8DE3FA00325485 /* body_plans.cpp in Sources */ = {isa = PBXBuildFile; fileRef = 481F3C071C8DD4B600325485 /* body_plans.cpp */; };
		484A871C1C4185230029F05B /* libea.a in Frameworks */ = {isa = PBXBuildFile; fileRef = 42DC570A1940C99D005044F1 /* libea.a */; };
		484A87221C4185340029F05B /* six_rectangles.cpp in Sources */ = {isa = PBXBuildFile; fileRef = 484A87171C4180D40029F05B /* six_rectangles.cpp */; };
		484A87281C4187C70029F05B /* libea.a in Frameworks */ = {isa = PBXBuildFile; fileRef = 42DC570A1940C99D005044F1 /* libea.a */; };
		484A872E1C4187D00029F05B /* nine_rectangles.cpp in Sources */ = {isa = PBXBuildFile; fileRef = 484A87231C4187580029F05B /* nine_rectangles.cpp */; };
		48525B861C43CFD500D3F315 /* libea.a in Frameworks */ = {isa = PBXBuildFile; fileRef = 42DC570A1940C99D005044F1 /* libea.a */; };
		48525B8C1C43CFDD00D3F315 /* scaffolding.cpp in Sources */ = {isa = PBXBuildFile; fileRef = 48525B801C43CE4700D3F315 /* scaffolding.cpp */; };
		48525B931C44674100D3F315 /* libea.a in Frameworks */ = {isa = PBXBuildFile; fileRef = 42DC570A1940C99D005044F1 /* libea.a */; };
		48525B991C44675D00D3F315 /* skinny3.cpp in Sources */ = {isa = PBXBuildFile; fileRef = 48525B8D1C443E7300D3F315 /* skinny3.cpp */; };
		486110B21BED09E0009322A8 /* libea.a in Frameworks */ = {isa = PBXBuildFile; fileRef = 42DC570A1940C99D005044F1 /* libea.a */; };
		486110B81BED09FD009322A8 /* ff_markov_migration.cpp in Sources */ = {isa = PBXBuildFile; fileRef = 486110AD1BED063E009322A8 /* ff_markov_migration.cpp */; };
		486CA59F1C4AD0D000D2EE43 /* libea.a in Frameworks */ = {isa = PBXBuildFile; fileRef = 42DC570A1940C99D005044F1 /* libea.a */; };
		486CA5A51C4AD0D900D2EE43 /* outline_split.cpp in Sources */ = {isa = PBXBuildFile; fileRef = 486CA59A1C4ACFCD00D2EE43 /* outline_split.cpp */; };
		4873BC191BA891F9001F2D47 /* libea.a in Frameworks */ = {isa = PBXBuildFile; fileRef = 42DC570A1940C99D005044F1 /* libea.a */; };
		4873BC1F1BA89204001F2D47 /* french_flag.cpp in Sources */ = {isa = PBXBuildFile; fileRef = 4873BC141BA891D2001F2D47 /* french_flag.cpp */; };
		4873BC251BA9AA11001F2D47 /* libea.a in Frameworks */ = {isa = PBXBuildFile; fileRef = 42DC570A1940C99D005044F1 /* libea.a */; };
		4873BC2B1BA9AA31001F2D47 /* square_markov.cpp in Sources */ = {isa = PBXBuildFile; fileRef = 4873BC201BA9A893001F2D47 /* square_markov.cpp */; };
		4875B5051C5997F1003C955D /* libea.a in Frameworks */ = {isa = PBXBuildFile; fileRef = 42DC570A1940C99D005044F1 /* libea.a */; };
		4875B50B1C599800003C955D /* steppingstones.cpp in Sources */ = {isa = PBXBuildFile; fileRef = 48525B811C43CE6C00D3F315 /* steppingstones.cpp */; };
		48BAE88E1C68F16E005698AE /* libea.a in Frameworks */ = {isa = PBXBuildFile; fileRef = 42DC570A1940C99D005044F1 /* libea.a */; };
		48BAE8941C68F17D005698AE /* outline_quad.cpp in Sources */ = {isa = PBXBuildFile; fileRef = 487E25F21C590BF700B6B896 /* outline_quad.cpp */; };
		48E1BFCE1BB2EB9B00FA0BA3 /* libea.a in Frameworks */ = {isa = PBXBuildFile; fileRef = 42DC570A1940C99D005044F1 /* libea.a */; };
		48E57B5F1B98C4F100E630CC /* libea.a in Frameworks */ = {isa = PBXBuildFile; fileRef = 42DC570A1940C99D005044F1 /* libea.a */; };
		48E57B651B98C4FD00E630CC /* square.cpp in Sources */ = {isa = PBXBuildFile; fileRef = 48E57B5A1B98C40900E630CC /* square.cpp */; };
		48F6D1811CC2BD8E000BA5C1 /* libea.a in Frameworks */ = {isa = PBXBuildFile; fileRef = 42DC570A1940C99D005044F1 /* libea.a */; };
		48F6D1871CC2BD9F000BA5C1 /* new_body_plans.cpp in Sources */ = {isa = PBXBuildFile; fileRef = 48F6D17C1CC2BBE5000BA5C1 /* new_body_plans.cpp */; };
		48FF4C9319379E49001F0183 /* stripes_multi.cpp in Sources */ = {isa = PBXBuildFile; fileRef = 48AC8AB11937639900DA6945 /* stripes_multi.cpp */; };
/* End PBXBuildFile section */

/* Begin PBXCopyFilesBuildPhase section */
		481E14471C5FB89C00FF4F51 /* CopyFiles */ = {
			isa = PBXCopyFilesBuildPhase;
			buildActionMask = 2147483647;
			dstPath = /usr/share/man/man1/;
			dstSubfolderSpec = 0;
			files = (
			);
			runOnlyForDeploymentPostprocessing = 1;
		};
		481F3C0E1C8DE3EE00325485 /* CopyFiles */ = {
			isa = PBXCopyFilesBuildPhase;
			buildActionMask = 2147483647;
			dstPath = /usr/share/man/man1/;
			dstSubfolderSpec = 0;
			files = (
			);
			runOnlyForDeploymentPostprocessing = 1;
		};
		484A871D1C4185230029F05B /* CopyFiles */ = {
			isa = PBXCopyFilesBuildPhase;
			buildActionMask = 2147483647;
			dstPath = /usr/share/man/man1/;
			dstSubfolderSpec = 0;
			files = (
			);
			runOnlyForDeploymentPostprocessing = 1;
		};
		484A87291C4187C70029F05B /* CopyFiles */ = {
			isa = PBXCopyFilesBuildPhase;
			buildActionMask = 2147483647;
			dstPath = /usr/share/man/man1/;
			dstSubfolderSpec = 0;
			files = (
			);
			runOnlyForDeploymentPostprocessing = 1;
		};
		48525B871C43CFD500D3F315 /* CopyFiles */ = {
			isa = PBXCopyFilesBuildPhase;
			buildActionMask = 2147483647;
			dstPath = /usr/share/man/man1/;
			dstSubfolderSpec = 0;
			files = (
			);
			runOnlyForDeploymentPostprocessing = 1;
		};
		48525B941C44674100D3F315 /* CopyFiles */ = {
			isa = PBXCopyFilesBuildPhase;
			buildActionMask = 2147483647;
			dstPath = /usr/share/man/man1/;
			dstSubfolderSpec = 0;
			files = (
			);
			runOnlyForDeploymentPostprocessing = 1;
		};
		486110B31BED09E0009322A8 /* CopyFiles */ = {
			isa = PBXCopyFilesBuildPhase;
			buildActionMask = 2147483647;
			dstPath = /usr/share/man/man1/;
			dstSubfolderSpec = 0;
			files = (
			);
			runOnlyForDeploymentPostprocessing = 1;
		};
		486CA5A01C4AD0D000D2EE43 /* CopyFiles */ = {
			isa = PBXCopyFilesBuildPhase;
			buildActionMask = 2147483647;
			dstPath = /usr/share/man/man1/;
			dstSubfolderSpec = 0;
			files = (
			);
			runOnlyForDeploymentPostprocessing = 1;
		};
		4873BC1A1BA891F9001F2D47 /* CopyFiles */ = {
			isa = PBXCopyFilesBuildPhase;
			buildActionMask = 2147483647;
			dstPath = /usr/share/man/man1/;
			dstSubfolderSpec = 0;
			files = (
			);
			runOnlyForDeploymentPostprocessing = 1;
		};
		4873BC261BA9AA11001F2D47 /* CopyFiles */ = {
			isa = PBXCopyFilesBuildPhase;
			buildActionMask = 2147483647;
			dstPath = /usr/share/man/man1/;
			dstSubfolderSpec = 0;
			files = (
			);
			runOnlyForDeploymentPostprocessing = 1;
		};
		4875B5061C5997F1003C955D /* CopyFiles */ = {
			isa = PBXCopyFilesBuildPhase;
			buildActionMask = 2147483647;
			dstPath = /usr/share/man/man1/;
			dstSubfolderSpec = 0;
			files = (
			);
			runOnlyForDeploymentPostprocessing = 1;
		};
		48BAE88F1C68F16E005698AE /* CopyFiles */ = {
			isa = PBXCopyFilesBuildPhase;
			buildActionMask = 2147483647;
			dstPath = /usr/share/man/man1/;
			dstSubfolderSpec = 0;
			files = (
			);
			runOnlyForDeploymentPostprocessing = 1;
		};
		48E1BFCF1BB2EB9B00FA0BA3 /* CopyFiles */ = {
			isa = PBXCopyFilesBuildPhase;
			buildActionMask = 2147483647;
			dstPath = /usr/share/man/man1/;
			dstSubfolderSpec = 0;
			files = (
			);
			runOnlyForDeploymentPostprocessing = 1;
		};
		48E57B601B98C4F100E630CC /* CopyFiles */ = {
			isa = PBXCopyFilesBuildPhase;
			buildActionMask = 2147483647;
			dstPath = /usr/share/man/man1/;
			dstSubfolderSpec = 0;
			files = (
			);
			runOnlyForDeploymentPostprocessing = 1;
		};
		48F6D1821CC2BD8E000BA5C1 /* CopyFiles */ = {
			isa = PBXCopyFilesBuildPhase;
			buildActionMask = 2147483647;
			dstPath = /usr/share/man/man1/;
			dstSubfolderSpec = 0;
			files = (
			);
			runOnlyForDeploymentPostprocessing = 1;
		};
		48FF4C8E19379E17001F0183 /* CopyFiles */ = {
			isa = PBXCopyFilesBuildPhase;
			buildActionMask = 2147483647;
			dstPath = /usr/share/man/man1/;
			dstSubfolderSpec = 0;
			files = (
			);
			runOnlyForDeploymentPostprocessing = 1;
		};
/* End PBXCopyFilesBuildPhase section */

/* Begin PBXFileReference section */
		42441A7E158616AF009863BE /* hourglass.xcconfig */ = {isa = PBXFileReference; lastKnownFileType = text.xcconfig; path = hourglass.xcconfig; sourceTree = "<group>"; };
		42441A7F158616AF009863BE /* libea_defaults.cfg */ = {isa = PBXFileReference; lastKnownFileType = text; path = libea_defaults.cfg; sourceTree = "<group>"; };
		42441A80158616AF009863BE /* Jamroot */ = {isa = PBXFileReference; lastKnownFileType = text; path = Jamroot; sourceTree = "<group>"; };
		42C26B3D19454D6D00F0E6B9 /* stripes.cfg */ = {isa = PBXFileReference; lastKnownFileType = text; path = stripes.cfg; sourceTree = "<group>"; };
		42DC570A1940C99D005044F1 /* libea.a */ = {isa = PBXFileReference; lastKnownFileType = archive.ar; name = libea.a; path = ../DerivedData/research/Build/Products/Debug/libea.a; sourceTree = "<group>"; };
		42DF06891945418600C9A364 /* subpopulation_propagule.h */ = {isa = PBXFileReference; lastKnownFileType = sourcecode.c.h; path = subpopulation_propagule.h; sourceTree = "<group>"; };
		4804D6071C4ACD8B005C67CE /* outline.cpp */ = {isa = PBXFileReference; lastKnownFileType = sourcecode.cpp.cpp; path = outline.cpp; sourceTree = "<group>"; };
		480EE9CD1C0F45E300733AAE /* four_square.cpp */ = {isa = PBXFileReference; lastKnownFileType = sourcecode.cpp.cpp; path = four_square.cpp; sourceTree = "<group>"; };
		481E144B1C5FB89C00FF4F51 /* island */ = {isa = PBXFileReference; explicitFileType = "compiled.mach-o.executable"; includeInIndex = 0; path = island; sourceTree = BUILT_PRODUCTS_DIR; };
		481F3C071C8DD4B600325485 /* body_plans.cpp */ = {isa = PBXFileReference; lastKnownFileType = sourcecode.cpp.cpp; path = body_plans.cpp; sourceTree = "<group>"; };
		481F3C081C8DD4CE00325485 /* body_plans.h */ = {isa = PBXFileReference; lastKnownFileType = sourcecode.c.h; path = body_plans.h; sourceTree = "<group>"; };
		481F3C121C8DE3EE00325485 /* body_plans */ = {isa = PBXFileReference; explicitFileType = "compiled.mach-o.executable"; includeInIndex = 0; path = body_plans; sourceTree = BUILT_PRODUCTS_DIR; };
		482C7A191C5BE6C400F3D7F7 /* islandmodel.cpp */ = {isa = PBXFileReference; lastKnownFileType = sourcecode.cpp.cpp; path = islandmodel.cpp; sourceTree = "<group>"; };
		484A87161C417FB10029F05B /* perfect_split.cpp */ = {isa = PBXFileReference; lastKnownFileType = sourcecode.cpp.cpp; path = perfect_split.cpp; sourceTree = "<group>"; };
		484A87171C4180D40029F05B /* six_rectangles.cpp */ = {isa = PBXFileReference; lastKnownFileType = sourcecode.cpp.cpp; path = six_rectangles.cpp; sourceTree = "<group>"; };
		484A87211C4185230029F05B /* six_rectangles */ = {isa = PBXFileReference; explicitFileType = "compiled.mach-o.executable"; includeInIndex = 0; path = six_rectangles; sourceTree = BUILT_PRODUCTS_DIR; };
		484A87231C4187580029F05B /* nine_rectangles.cpp */ = {isa = PBXFileReference; lastKnownFileType = sourcecode.cpp.cpp; path = nine_rectangles.cpp; sourceTree = "<group>"; };
		484A872D1C4187C70029F05B /* nine_rectangles */ = {isa = PBXFileReference; explicitFileType = "compiled.mach-o.executable"; includeInIndex = 0; path = nine_rectangles; sourceTree = BUILT_PRODUCTS_DIR; };
		48525B801C43CE4700D3F315 /* scaffolding.cpp */ = {isa = PBXFileReference; lastKnownFileType = sourcecode.cpp.cpp; path = scaffolding.cpp; sourceTree = "<group>"; };
		48525B811C43CE6C00D3F315 /* steppingstones.cpp */ = {isa = PBXFileReference; lastKnownFileType = sourcecode.cpp.cpp; path = steppingstones.cpp; sourceTree = "<group>"; };
		48525B8B1C43CFD500D3F315 /* scaffolding */ = {isa = PBXFileReference; explicitFileType = "compiled.mach-o.executable"; includeInIndex = 0; path = scaffolding; sourceTree = BUILT_PRODUCTS_DIR; };
		48525B8D1C443E7300D3F315 /* skinny3.cpp */ = {isa = PBXFileReference; lastKnownFileType = sourcecode.cpp.cpp; path = skinny3.cpp; sourceTree = "<group>"; };
		48525B8E1C443E9A00D3F315 /* skinny4.cpp */ = {isa = PBXFileReference; lastKnownFileType = sourcecode.cpp.cpp; path = skinny4.cpp; sourceTree = "<group>"; };
		48525B981C44674100D3F315 /* skinny3 */ = {isa = PBXFileReference; explicitFileType = "compiled.mach-o.executable"; includeInIndex = 0; path = skinny3; sourceTree = BUILT_PRODUCTS_DIR; };
		486110AD1BED063E009322A8 /* ff_markov_migration.cpp */ = {isa = PBXFileReference; lastKnownFileType = sourcecode.cpp.cpp; path = ff_markov_migration.cpp; sourceTree = "<group>"; };
		486110B71BED09E0009322A8 /* ff_markov_migrate */ = {isa = PBXFileReference; explicitFileType = "compiled.mach-o.executable"; includeInIndex = 0; path = ff_markov_migrate; sourceTree = BUILT_PRODUCTS_DIR; };
		486CA59A1C4ACFCD00D2EE43 /* outline_split.cpp */ = {isa = PBXFileReference; lastKnownFileType = sourcecode.cpp.cpp; path = outline_split.cpp; sourceTree = "<group>"; };
		486CA5A41C4AD0D000D2EE43 /* outline_split */ = {isa = PBXFileReference; explicitFileType = "compiled.mach-o.executable"; includeInIndex = 0; path = outline_split; sourceTree = BUILT_PRODUCTS_DIR; };
		4871EAB91BFCD79A0054C740 /* split.cpp */ = {isa = PBXFileReference; lastKnownFileType = sourcecode.cpp.cpp; path = split.cpp; sourceTree = "<group>"; };
		4873BC141BA891D2001F2D47 /* french_flag.cpp */ = {isa = PBXFileReference; lastKnownFileType = sourcecode.cpp.cpp; path = french_flag.cpp; sourceTree = "<group>"; };
		4873BC1E1BA891F9001F2D47 /* french_flag */ = {isa = PBXFileReference; explicitFileType = "compiled.mach-o.executable"; includeInIndex = 0; path = french_flag; sourceTree = BUILT_PRODUCTS_DIR; };
		4873BC201BA9A893001F2D47 /* square_markov.cpp */ = {isa = PBXFileReference; lastKnownFileType = sourcecode.cpp.cpp; path = square_markov.cpp; sourceTree = "<group>"; };
		4873BC2A1BA9AA11001F2D47 /* square_markov */ = {isa = PBXFileReference; explicitFileType = "compiled.mach-o.executable"; includeInIndex = 0; path = square_markov; sourceTree = BUILT_PRODUCTS_DIR; };
		4875B50A1C5997F1003C955D /* steppingstones */ = {isa = PBXFileReference; explicitFileType = "compiled.mach-o.executable"; includeInIndex = 0; path = steppingstones; sourceTree = BUILT_PRODUCTS_DIR; };
		487ACE231934F7C60016340B /* movie.h */ = {isa = PBXFileReference; lastKnownFileType = sourcecode.c.h; path = movie.h; sourceTree = "<group>"; };
		487E25F21C590BF700B6B896 /* outline_quad.cpp */ = {isa = PBXFileReference; lastKnownFileType = sourcecode.cpp.cpp; path = outline_quad.cpp; sourceTree = "<group>"; };
		48A1E129183F8ED70023C478 /* stripes.h */ = {isa = PBXFileReference; lastKnownFileType = sourcecode.c.h; path = stripes.h; sourceTree = "<group>"; };
		48A5B7781BB94D9400E4E515 /* markov_movie.h */ = {isa = PBXFileReference; lastKnownFileType = sourcecode.c.h; path = markov_movie.h; sourceTree = "<group>"; };
		48A904F11BBAA07700A1532C /* hourglass.h */ = {isa = PBXFileReference; lastKnownFileType = sourcecode.c.h; path = hourglass.h; sourceTree = "<group>"; };
		48AC8AB11937639900DA6945 /* stripes_multi.cpp */ = {isa = PBXFileReference; fileEncoding = 4; lastKnownFileType = sourcecode.cpp.cpp; path = stripes_multi.cpp; sourceTree = "<group>"; };
		48BAE8931C68F16E005698AE /* outline_quad */ = {isa = PBXFileReference; explicitFileType = "compiled.mach-o.executable"; includeInIndex = 0; path = outline_quad; sourceTree = BUILT_PRODUCTS_DIR; };
		48E1BFD31BB2EB9B00FA0BA3 /* french_flag_markov */ = {isa = PBXFileReference; explicitFileType = "compiled.mach-o.executable"; includeInIndex = 0; path = french_flag_markov; sourceTree = BUILT_PRODUCTS_DIR; };
		48E57B5A1B98C40900E630CC /* square.cpp */ = {isa = PBXFileReference; lastKnownFileType = sourcecode.cpp.cpp; path = square.cpp; sourceTree = "<group>"; };
		48E57B641B98C4F100E630CC /* square */ = {isa = PBXFileReference; explicitFileType = "compiled.mach-o.executable"; includeInIndex = 0; path = square; sourceTree = BUILT_PRODUCTS_DIR; };
		48EDF70B1C4FD54400679023 /* outline_split2.cpp */ = {isa = PBXFileReference; lastKnownFileType = sourcecode.cpp.cpp; path = outline_split2.cpp; sourceTree = "<group>"; };
		48F6D17B1CC2BBDD000BA5C1 /* new_body_plans.h */ = {isa = PBXFileReference; lastKnownFileType = sourcecode.c.h; path = new_body_plans.h; sourceTree = "<group>"; };
		48F6D17C1CC2BBE5000BA5C1 /* new_body_plans.cpp */ = {isa = PBXFileReference; lastKnownFileType = sourcecode.cpp.cpp; path = new_body_plans.cpp; sourceTree = "<group>"; };
		48F6D1861CC2BD8E000BA5C1 /* new_body_plans */ = {isa = PBXFileReference; explicitFileType = "compiled.mach-o.executable"; includeInIndex = 0; path = new_body_plans; sourceTree = BUILT_PRODUCTS_DIR; };
		48FF4C9219379E17001F0183 /* stripes_multi */ = {isa = PBXFileReference; explicitFileType = "compiled.mach-o.executable"; includeInIndex = 0; path = stripes_multi; sourceTree = BUILT_PRODUCTS_DIR; };
/* End PBXFileReference section */

/* Begin PBXFrameworksBuildPhase section */
		481E14451C5FB89C00FF4F51 /* Frameworks */ = {
			isa = PBXFrameworksBuildPhase;
			buildActionMask = 2147483647;
			files = (
				481E14461C5FB89C00FF4F51 /* libea.a in Frameworks */,
			);
			runOnlyForDeploymentPostprocessing = 0;
		};
		481F3C0C1C8DE3EE00325485 /* Frameworks */ = {
			isa = PBXFrameworksBuildPhase;
			buildActionMask = 2147483647;
			files = (
				481F3C0D1C8DE3EE00325485 /* libea.a in Frameworks */,
			);
			runOnlyForDeploymentPostprocessing = 0;
		};
		484A871B1C4185230029F05B /* Frameworks */ = {
			isa = PBXFrameworksBuildPhase;
			buildActionMask = 2147483647;
			files = (
				484A871C1C4185230029F05B /* libea.a in Frameworks */,
			);
			runOnlyForDeploymentPostprocessing = 0;
		};
		484A87271C4187C70029F05B /* Frameworks */ = {
			isa = PBXFrameworksBuildPhase;
			buildActionMask = 2147483647;
			files = (
				484A87281C4187C70029F05B /* libea.a in Frameworks */,
			);
			runOnlyForDeploymentPostprocessing = 0;
		};
		48525B851C43CFD500D3F315 /* Frameworks */ = {
			isa = PBXFrameworksBuildPhase;
			buildActionMask = 2147483647;
			files = (
				48525B861C43CFD500D3F315 /* libea.a in Frameworks */,
			);
			runOnlyForDeploymentPostprocessing = 0;
		};
		48525B921C44674100D3F315 /* Frameworks */ = {
			isa = PBXFrameworksBuildPhase;
			buildActionMask = 2147483647;
			files = (
				48525B931C44674100D3F315 /* libea.a in Frameworks */,
			);
			runOnlyForDeploymentPostprocessing = 0;
		};
		486110B11BED09E0009322A8 /* Frameworks */ = {
			isa = PBXFrameworksBuildPhase;
			buildActionMask = 2147483647;
			files = (
				486110B21BED09E0009322A8 /* libea.a in Frameworks */,
			);
			runOnlyForDeploymentPostprocessing = 0;
		};
		486CA59E1C4AD0D000D2EE43 /* Frameworks */ = {
			isa = PBXFrameworksBuildPhase;
			buildActionMask = 2147483647;
			files = (
				486CA59F1C4AD0D000D2EE43 /* libea.a in Frameworks */,
			);
			runOnlyForDeploymentPostprocessing = 0;
		};
		4873BC181BA891F9001F2D47 /* Frameworks */ = {
			isa = PBXFrameworksBuildPhase;
			buildActionMask = 2147483647;
			files = (
				4873BC191BA891F9001F2D47 /* libea.a in Frameworks */,
			);
			runOnlyForDeploymentPostprocessing = 0;
		};
		4873BC241BA9AA11001F2D47 /* Frameworks */ = {
			isa = PBXFrameworksBuildPhase;
			buildActionMask = 2147483647;
			files = (
				4873BC251BA9AA11001F2D47 /* libea.a in Frameworks */,
			);
			runOnlyForDeploymentPostprocessing = 0;
		};
		4875B5041C5997F1003C955D /* Frameworks */ = {
			isa = PBXFrameworksBuildPhase;
			buildActionMask = 2147483647;
			files = (
				4875B5051C5997F1003C955D /* libea.a in Frameworks */,
			);
			runOnlyForDeploymentPostprocessing = 0;
		};
		48BAE88D1C68F16E005698AE /* Frameworks */ = {
			isa = PBXFrameworksBuildPhase;
			buildActionMask = 2147483647;
			files = (
				48BAE88E1C68F16E005698AE /* libea.a in Frameworks */,
			);
			runOnlyForDeploymentPostprocessing = 0;
		};
		48E1BFCD1BB2EB9B00FA0BA3 /* Frameworks */ = {
			isa = PBXFrameworksBuildPhase;
			buildActionMask = 2147483647;
			files = (
				48E1BFCE1BB2EB9B00FA0BA3 /* libea.a in Frameworks */,
			);
			runOnlyForDeploymentPostprocessing = 0;
		};
		48E57B5E1B98C4F100E630CC /* Frameworks */ = {
			isa = PBXFrameworksBuildPhase;
			buildActionMask = 2147483647;
			files = (
				48E57B5F1B98C4F100E630CC /* libea.a in Frameworks */,
			);
			runOnlyForDeploymentPostprocessing = 0;
		};
		48F6D1801CC2BD8E000BA5C1 /* Frameworks */ = {
			isa = PBXFrameworksBuildPhase;
			buildActionMask = 2147483647;
			files = (
				48F6D1811CC2BD8E000BA5C1 /* libea.a in Frameworks */,
			);
			runOnlyForDeploymentPostprocessing = 0;
		};
		48FF4C8719379E17001F0183 /* Frameworks */ = {
			isa = PBXFrameworksBuildPhase;
			buildActionMask = 2147483647;
			files = (
				42DC570C1940DCEB005044F1 /* libea.a in Frameworks */,
			);
			runOnlyForDeploymentPostprocessing = 0;
		};
/* End PBXFrameworksBuildPhase section */

/* Begin PBXGroup section */
		424419E815861127009863BE = {
			isa = PBXGroup;
			children = (
				42DC570A1940C99D005044F1 /* libea.a */,
				42441A7D158616AF009863BE /* etc */,
				42441A80158616AF009863BE /* Jamroot */,
				42441A9515861785009863BE /* lib */,
				424419F415861127009863BE /* Products */,
				42441A81158616AF009863BE /* src */,
			);
			sourceTree = "<group>";
		};
		424419F415861127009863BE /* Products */ = {
			isa = PBXGroup;
			children = (
				48FF4C9219379E17001F0183 /* stripes_multi */,
				48E57B641B98C4F100E630CC /* square */,
				4873BC1E1BA891F9001F2D47 /* french_flag */,
				4873BC2A1BA9AA11001F2D47 /* square_markov */,
				48E1BFD31BB2EB9B00FA0BA3 /* french_flag_markov */,
				486110B71BED09E0009322A8 /* ff_markov_migrate */,
				484A87211C4185230029F05B /* six_rectangles */,
				484A872D1C4187C70029F05B /* nine_rectangles */,
				48525B8B1C43CFD500D3F315 /* scaffolding */,
				48525B981C44674100D3F315 /* skinny3 */,
				486CA5A41C4AD0D000D2EE43 /* outline_split */,
				4875B50A1C5997F1003C955D /* steppingstones */,
				481E144B1C5FB89C00FF4F51 /* island */,
				48BAE8931C68F16E005698AE /* outline_quad */,
				481F3C121C8DE3EE00325485 /* body_plans */,
				48F6D1861CC2BD8E000BA5C1 /* new_body_plans */,
			);
			name = Products;
			sourceTree = "<group>";
		};
		42441A7D158616AF009863BE /* etc */ = {
			isa = PBXGroup;
			children = (
				42441A7E158616AF009863BE /* hourglass.xcconfig */,
				42C26B3D19454D6D00F0E6B9 /* stripes.cfg */,
				42441A7F158616AF009863BE /* libea_defaults.cfg */,
			);
			path = etc;
			sourceTree = "<group>";
		};
		42441A81158616AF009863BE /* src */ = {
			isa = PBXGroup;
			children = (
				48A1E129183F8ED70023C478 /* stripes.h */,
				48AC8AB11937639900DA6945 /* stripes_multi.cpp */,
				48E57B5A1B98C40900E630CC /* square.cpp */,
				4873BC141BA891D2001F2D47 /* french_flag.cpp */,
				487ACE231934F7C60016340B /* movie.h */,
				48A5B7781BB94D9400E4E515 /* markov_movie.h */,
				48A904F11BBAA07700A1532C /* hourglass.h */,
				42DF06891945418600C9A364 /* subpopulation_propagule.h */,
				4873BC201BA9A893001F2D47 /* square_markov.cpp */,
				486110AD1BED063E009322A8 /* ff_markov_migration.cpp */,
				48525B801C43CE4700D3F315 /* scaffolding.cpp */,
				48525B8D1C443E7300D3F315 /* skinny3.cpp */,
				48525B8E1C443E9A00D3F315 /* skinny4.cpp */,
				48525B811C43CE6C00D3F315 /* steppingstones.cpp */,
				482C7A191C5BE6C400F3D7F7 /* islandmodel.cpp */,
				484A87171C4180D40029F05B /* six_rectangles.cpp */,
				484A87231C4187580029F05B /* nine_rectangles.cpp */,
				4871EAB91BFCD79A0054C740 /* split.cpp */,
				484A87161C417FB10029F05B /* perfect_split.cpp */,
				486CA59A1C4ACFCD00D2EE43 /* outline_split.cpp */,
				48EDF70B1C4FD54400679023 /* outline_split2.cpp */,
				487E25F21C590BF700B6B896 /* outline_quad.cpp */,
				4804D6071C4ACD8B005C67CE /* outline.cpp */,
				480EE9CD1C0F45E300733AAE /* four_square.cpp */,
				481F3C071C8DD4B600325485 /* body_plans.cpp */,
				481F3C081C8DD4CE00325485 /* body_plans.h */,
				48F6D17B1CC2BBDD000BA5C1 /* new_body_plans.h */,
				48F6D17C1CC2BBE5000BA5C1 /* new_body_plans.cpp */,
			);
			path = src;
			sourceTree = "<group>";
		};
		42441A9515861785009863BE /* lib */ = {
			isa = PBXGroup;
			children = (
			);
			name = lib;
			path = /Users/dk/Documents/repositories/research.hg/src/ocr/../apps;
			sourceTree = "<absolute>";
		};
/* End PBXGroup section */

/* Begin PBXNativeTarget section */
		481E14421C5FB89C00FF4F51 /* island */ = {
			isa = PBXNativeTarget;
			buildConfigurationList = 481E14481C5FB89C00FF4F51 /* Build configuration list for PBXNativeTarget "island" */;
			buildPhases = (
				481E14431C5FB89C00FF4F51 /* Sources */,
				481E14451C5FB89C00FF4F51 /* Frameworks */,
				481E14471C5FB89C00FF4F51 /* CopyFiles */,
			);
			buildRules = (
			);
			dependencies = (
			);
			name = island;
			productName = ealife;
			productReference = 481E144B1C5FB89C00FF4F51 /* island */;
			productType = "com.apple.product-type.tool";
		};
		481F3C091C8DE3EE00325485 /* body_plans */ = {
			isa = PBXNativeTarget;
			buildConfigurationList = 481F3C0F1C8DE3EE00325485 /* Build configuration list for PBXNativeTarget "body_plans" */;
			buildPhases = (
				481F3C0A1C8DE3EE00325485 /* Sources */,
				481F3C0C1C8DE3EE00325485 /* Frameworks */,
				481F3C0E1C8DE3EE00325485 /* CopyFiles */,
			);
			buildRules = (
			);
			dependencies = (
			);
			name = body_plans;
			productName = ealife;
			productReference = 481F3C121C8DE3EE00325485 /* body_plans */;
			productType = "com.apple.product-type.tool";
		};
		484A87181C4185230029F05B /* six_rectangles */ = {
			isa = PBXNativeTarget;
			buildConfigurationList = 484A871E1C4185230029F05B /* Build configuration list for PBXNativeTarget "six_rectangles" */;
			buildPhases = (
				484A87191C4185230029F05B /* Sources */,
				484A871B1C4185230029F05B /* Frameworks */,
				484A871D1C4185230029F05B /* CopyFiles */,
			);
			buildRules = (
			);
			dependencies = (
			);
			name = six_rectangles;
			productName = ealife;
			productReference = 484A87211C4185230029F05B /* six_rectangles */;
			productType = "com.apple.product-type.tool";
		};
		484A87241C4187C70029F05B /* nine_rectangles */ = {
			isa = PBXNativeTarget;
			buildConfigurationList = 484A872A1C4187C70029F05B /* Build configuration list for PBXNativeTarget "nine_rectangles" */;
			buildPhases = (
				484A87251C4187C70029F05B /* Sources */,
				484A87271C4187C70029F05B /* Frameworks */,
				484A87291C4187C70029F05B /* CopyFiles */,
			);
			buildRules = (
			);
			dependencies = (
			);
			name = nine_rectangles;
			productName = ealife;
			productReference = 484A872D1C4187C70029F05B /* nine_rectangles */;
			productType = "com.apple.product-type.tool";
		};
		48525B821C43CFD500D3F315 /* scaffolding */ = {
			isa = PBXNativeTarget;
			buildConfigurationList = 48525B881C43CFD500D3F315 /* Build configuration list for PBXNativeTarget "scaffolding" */;
			buildPhases = (
				48525B831C43CFD500D3F315 /* Sources */,
				48525B851C43CFD500D3F315 /* Frameworks */,
				48525B871C43CFD500D3F315 /* CopyFiles */,
			);
			buildRules = (
			);
			dependencies = (
			);
			name = scaffolding;
			productName = ealife;
			productReference = 48525B8B1C43CFD500D3F315 /* scaffolding */;
			productType = "com.apple.product-type.tool";
		};
		48525B8F1C44674100D3F315 /* skinny3 */ = {
			isa = PBXNativeTarget;
			buildConfigurationList = 48525B951C44674100D3F315 /* Build configuration list for PBXNativeTarget "skinny3" */;
			buildPhases = (
				48525B901C44674100D3F315 /* Sources */,
				48525B921C44674100D3F315 /* Frameworks */,
				48525B941C44674100D3F315 /* CopyFiles */,
			);
			buildRules = (
			);
			dependencies = (
			);
			name = skinny3;
			productName = ealife;
			productReference = 48525B981C44674100D3F315 /* skinny3 */;
			productType = "com.apple.product-type.tool";
		};
		486110AE1BED09E0009322A8 /* ff_markov_migration */ = {
			isa = PBXNativeTarget;
			buildConfigurationList = 486110B41BED09E0009322A8 /* Build configuration list for PBXNativeTarget "ff_markov_migration" */;
			buildPhases = (
				486110AF1BED09E0009322A8 /* Sources */,
				486110B11BED09E0009322A8 /* Frameworks */,
				486110B31BED09E0009322A8 /* CopyFiles */,
			);
			buildRules = (
			);
			dependencies = (
			);
			name = ff_markov_migration;
			productName = ealife;
			productReference = 486110B71BED09E0009322A8 /* ff_markov_migrate */;
			productType = "com.apple.product-type.tool";
		};
		486CA59B1C4AD0D000D2EE43 /* outline_split */ = {
			isa = PBXNativeTarget;
			buildConfigurationList = 486CA5A11C4AD0D000D2EE43 /* Build configuration list for PBXNativeTarget "outline_split" */;
			buildPhases = (
				486CA59C1C4AD0D000D2EE43 /* Sources */,
				486CA59E1C4AD0D000D2EE43 /* Frameworks */,
				486CA5A01C4AD0D000D2EE43 /* CopyFiles */,
			);
			buildRules = (
			);
			dependencies = (
			);
			name = outline_split;
			productName = ealife;
			productReference = 486CA5A41C4AD0D000D2EE43 /* outline_split */;
			productType = "com.apple.product-type.tool";
		};
		4873BC151BA891F9001F2D47 /* french_flag */ = {
			isa = PBXNativeTarget;
			buildConfigurationList = 4873BC1B1BA891F9001F2D47 /* Build configuration list for PBXNativeTarget "french_flag" */;
			buildPhases = (
				4873BC161BA891F9001F2D47 /* Sources */,
				4873BC181BA891F9001F2D47 /* Frameworks */,
				4873BC1A1BA891F9001F2D47 /* CopyFiles */,
			);
			buildRules = (
			);
			dependencies = (
			);
			name = french_flag;
			productName = ealife;
			productReference = 4873BC1E1BA891F9001F2D47 /* french_flag */;
			productType = "com.apple.product-type.tool";
		};
		4873BC211BA9AA11001F2D47 /* square_markov */ = {
			isa = PBXNativeTarget;
			buildConfigurationList = 4873BC271BA9AA11001F2D47 /* Build configuration list for PBXNativeTarget "square_markov" */;
			buildPhases = (
				4873BC221BA9AA11001F2D47 /* Sources */,
				4873BC241BA9AA11001F2D47 /* Frameworks */,
				4873BC261BA9AA11001F2D47 /* CopyFiles */,
			);
			buildRules = (
			);
			dependencies = (
			);
			name = square_markov;
			productName = ealife;
			productReference = 4873BC2A1BA9AA11001F2D47 /* square_markov */;
			productType = "com.apple.product-type.tool";
		};
		4875B5011C5997F1003C955D /* steppingstones */ = {
			isa = PBXNativeTarget;
			buildConfigurationList = 4875B5071C5997F1003C955D /* Build configuration list for PBXNativeTarget "steppingstones" */;
			buildPhases = (
				4875B5021C5997F1003C955D /* Sources */,
				4875B5041C5997F1003C955D /* Frameworks */,
				4875B5061C5997F1003C955D /* CopyFiles */,
			);
			buildRules = (
			);
			dependencies = (
			);
			name = steppingstones;
			productName = ealife;
			productReference = 4875B50A1C5997F1003C955D /* steppingstones */;
			productType = "com.apple.product-type.tool";
		};
		48BAE88A1C68F16E005698AE /* outline_quad */ = {
			isa = PBXNativeTarget;
			buildConfigurationList = 48BAE8901C68F16E005698AE /* Build configuration list for PBXNativeTarget "outline_quad" */;
			buildPhases = (
				48BAE88B1C68F16E005698AE /* Sources */,
				48BAE88D1C68F16E005698AE /* Frameworks */,
				48BAE88F1C68F16E005698AE /* CopyFiles */,
			);
			buildRules = (
			);
			dependencies = (
			);
			name = outline_quad;
			productName = ealife;
			productReference = 48BAE8931C68F16E005698AE /* outline_quad */;
			productType = "com.apple.product-type.tool";
		};
		48E1BFCA1BB2EB9B00FA0BA3 /* french_flag_markov */ = {
			isa = PBXNativeTarget;
			buildConfigurationList = 48E1BFD01BB2EB9B00FA0BA3 /* Build configuration list for PBXNativeTarget "french_flag_markov" */;
			buildPhases = (
				48E1BFCB1BB2EB9B00FA0BA3 /* Sources */,
				48E1BFCD1BB2EB9B00FA0BA3 /* Frameworks */,
				48E1BFCF1BB2EB9B00FA0BA3 /* CopyFiles */,
			);
			buildRules = (
			);
			dependencies = (
			);
			name = french_flag_markov;
			productName = ealife;
			productReference = 48E1BFD31BB2EB9B00FA0BA3 /* french_flag_markov */;
			productType = "com.apple.product-type.tool";
		};
		48E57B5B1B98C4F100E630CC /* square */ = {
			isa = PBXNativeTarget;
			buildConfigurationList = 48E57B611B98C4F100E630CC /* Build configuration list for PBXNativeTarget "square" */;
			buildPhases = (
				48E57B5C1B98C4F100E630CC /* Sources */,
				48E57B5E1B98C4F100E630CC /* Frameworks */,
				48E57B601B98C4F100E630CC /* CopyFiles */,
			);
			buildRules = (
			);
			dependencies = (
			);
			name = square;
			productName = ealife;
			productReference = 48E57B641B98C4F100E630CC /* square */;
			productType = "com.apple.product-type.tool";
		};
		48F6D17D1CC2BD8E000BA5C1 /* new_body_plans */ = {
			isa = PBXNativeTarget;
			buildConfigurationList = 48F6D1831CC2BD8E000BA5C1 /* Build configuration list for PBXNativeTarget "new_body_plans" */;
			buildPhases = (
				48F6D17E1CC2BD8E000BA5C1 /* Sources */,
				48F6D1801CC2BD8E000BA5C1 /* Frameworks */,
				48F6D1821CC2BD8E000BA5C1 /* CopyFiles */,
			);
			buildRules = (
			);
			dependencies = (
			);
			name = new_body_plans;
			productName = ealife;
			productReference = 48F6D1861CC2BD8E000BA5C1 /* new_body_plans */;
			productType = "com.apple.product-type.tool";
		};
		48FF4C8419379E17001F0183 /* stripes_multi */ = {
			isa = PBXNativeTarget;
			buildConfigurationList = 48FF4C8F19379E17001F0183 /* Build configuration list for PBXNativeTarget "stripes_multi" */;
			buildPhases = (
				48FF4C8519379E17001F0183 /* Sources */,
				48FF4C8719379E17001F0183 /* Frameworks */,
				48FF4C8E19379E17001F0183 /* CopyFiles */,
			);
			buildRules = (
			);
			dependencies = (
			);
			name = stripes_multi;
			productName = ealife;
			productReference = 48FF4C9219379E17001F0183 /* stripes_multi */;
			productType = "com.apple.product-type.tool";
		};
/* End PBXNativeTarget section */

/* Begin PBXProject section */
		424419EA15861127009863BE /* Project object */ = {
			isa = PBXProject;
			attributes = {
				LastUpgradeCheck = 0710;
				ORGANIZATIONNAME = "Michigan State University";
			};
			buildConfigurationList = 424419ED15861127009863BE /* Build configuration list for PBXProject "hourglass" */;
			compatibilityVersion = "Xcode 3.2";
			developmentRegion = English;
			hasScannedForEncodings = 0;
			knownRegions = (
				en,
			);
			mainGroup = 424419E815861127009863BE;
			productRefGroup = 424419F415861127009863BE /* Products */;
			projectDirPath = "";
			projectRoot = "";
			targets = (
				48FF4C8419379E17001F0183 /* stripes_multi */,
				48E57B5B1B98C4F100E630CC /* square */,
				4873BC151BA891F9001F2D47 /* french_flag */,
				4873BC211BA9AA11001F2D47 /* square_markov */,
				48E1BFCA1BB2EB9B00FA0BA3 /* french_flag_markov */,
				486110AE1BED09E0009322A8 /* ff_markov_migration */,
				484A87181C4185230029F05B /* six_rectangles */,
				484A87241C4187C70029F05B /* nine_rectangles */,
				48525B821C43CFD500D3F315 /* scaffolding */,
				48525B8F1C44674100D3F315 /* skinny3 */,
				486CA59B1C4AD0D000D2EE43 /* outline_split */,
				4875B5011C5997F1003C955D /* steppingstones */,
				481E14421C5FB89C00FF4F51 /* island */,
				48BAE88A1C68F16E005698AE /* outline_quad */,
				481F3C091C8DE3EE00325485 /* body_plans */,
				48F6D17D1CC2BD8E000BA5C1 /* new_body_plans */,
			);
		};
/* End PBXProject section */

/* Begin PBXSourcesBuildPhase section */
		481E14431C5FB89C00FF4F51 /* Sources */ = {
			isa = PBXSourcesBuildPhase;
			buildActionMask = 2147483647;
			files = (
				481E144C1C5FB8AE00FF4F51 /* islandmodel.cpp in Sources */,
			);
			runOnlyForDeploymentPostprocessing = 0;
		};
		481F3C0A1C8DE3EE00325485 /* Sources */ = {
			isa = PBXSourcesBuildPhase;
			buildActionMask = 2147483647;
			files = (
				481F3C131C8DE3FA00325485 /* body_plans.cpp in Sources */,
			);
			runOnlyForDeploymentPostprocessing = 0;
		};
		484A87191C4185230029F05B /* Sources */ = {
			isa = PBXSourcesBuildPhase;
			buildActionMask = 2147483647;
			files = (
				484A87221C4185340029F05B /* six_rectangles.cpp in Sources */,
			);
			runOnlyForDeploymentPostprocessing = 0;
		};
		484A87251C4187C70029F05B /* Sources */ = {
			isa = PBXSourcesBuildPhase;
			buildActionMask = 2147483647;
			files = (
				484A872E1C4187D00029F05B /* nine_rectangles.cpp in Sources */,
			);
			runOnlyForDeploymentPostprocessing = 0;
		};
		48525B831C43CFD500D3F315 /* Sources */ = {
			isa = PBXSourcesBuildPhase;
			buildActionMask = 2147483647;
			files = (
				48525B8C1C43CFDD00D3F315 /* scaffolding.cpp in Sources */,
			);
			runOnlyForDeploymentPostprocessing = 0;
		};
		48525B901C44674100D3F315 /* Sources */ = {
			isa = PBXSourcesBuildPhase;
			buildActionMask = 2147483647;
			files = (
				48525B991C44675D00D3F315 /* skinny3.cpp in Sources */,
			);
			runOnlyForDeploymentPostprocessing = 0;
		};
		486110AF1BED09E0009322A8 /* Sources */ = {
			isa = PBXSourcesBuildPhase;
			buildActionMask = 2147483647;
			files = (
				486110B81BED09FD009322A8 /* ff_markov_migration.cpp in Sources */,
			);
			runOnlyForDeploymentPostprocessing = 0;
		};
		486CA59C1C4AD0D000D2EE43 /* Sources */ = {
			isa = PBXSourcesBuildPhase;
			buildActionMask = 2147483647;
			files = (
				486CA5A51C4AD0D900D2EE43 /* outline_split.cpp in Sources */,
			);
			runOnlyForDeploymentPostprocessing = 0;
		};
		4873BC161BA891F9001F2D47 /* Sources */ = {
			isa = PBXSourcesBuildPhase;
			buildActionMask = 2147483647;
			files = (
				4873BC1F1BA89204001F2D47 /* french_flag.cpp in Sources */,
			);
			runOnlyForDeploymentPostprocessing = 0;
		};
		4873BC221BA9AA11001F2D47 /* Sources */ = {
			isa = PBXSourcesBuildPhase;
			buildActionMask = 2147483647;
			files = (
				4873BC2B1BA9AA31001F2D47 /* square_markov.cpp in Sources */,
			);
			runOnlyForDeploymentPostprocessing = 0;
		};
		4875B5021C5997F1003C955D /* Sources */ = {
			isa = PBXSourcesBuildPhase;
			buildActionMask = 2147483647;
			files = (
				4875B50B1C599800003C955D /* steppingstones.cpp in Sources */,
			);
			runOnlyForDeploymentPostprocessing = 0;
		};
		48BAE88B1C68F16E005698AE /* Sources */ = {
			isa = PBXSourcesBuildPhase;
			buildActionMask = 2147483647;
			files = (
				48BAE8941C68F17D005698AE /* outline_quad.cpp in Sources */,
			);
			runOnlyForDeploymentPostprocessing = 0;
		};
		48E1BFCB1BB2EB9B00FA0BA3 /* Sources */ = {
			isa = PBXSourcesBuildPhase;
			buildActionMask = 2147483647;
			files = (
			);
			runOnlyForDeploymentPostprocessing = 0;
		};
		48E57B5C1B98C4F100E630CC /* Sources */ = {
			isa = PBXSourcesBuildPhase;
			buildActionMask = 2147483647;
			files = (
				48E57B651B98C4FD00E630CC /* square.cpp in Sources */,
			);
			runOnlyForDeploymentPostprocessing = 0;
		};
		48F6D17E1CC2BD8E000BA5C1 /* Sources */ = {
			isa = PBXSourcesBuildPhase;
			buildActionMask = 2147483647;
			files = (
				48F6D1871CC2BD9F000BA5C1 /* new_body_plans.cpp in Sources */,
			);
			runOnlyForDeploymentPostprocessing = 0;
		};
		48FF4C8519379E17001F0183 /* Sources */ = {
			isa = PBXSourcesBuildPhase;
			buildActionMask = 2147483647;
			files = (
				48FF4C9319379E49001F0183 /* stripes_multi.cpp in Sources */,
			);
			runOnlyForDeploymentPostprocessing = 0;
		};
/* End PBXSourcesBuildPhase section */

/* Begin XCBuildConfiguration section */
		424419FB15861127009863BE /* Debug */ = {
			isa = XCBuildConfiguration;
			baseConfigurationReference = 42441A7E158616AF009863BE /* hourglass.xcconfig */;
			buildSettings = {
				ENABLE_TESTABILITY = YES;
				MACOSX_DEPLOYMENT_TARGET = 10.9;
				ONLY_ACTIVE_ARCH = YES;
				SDKROOT = macosx;
			};
			name = Debug;
		};
		424419FC15861127009863BE /* Release */ = {
			isa = XCBuildConfiguration;
			baseConfigurationReference = 42441A7E158616AF009863BE /* hourglass.xcconfig */;
			buildSettings = {
				MACOSX_DEPLOYMENT_TARGET = 10.9;
				SDKROOT = macosx;
			};
			name = Release;
		};
		481E14491C5FB89C00FF4F51 /* Debug */ = {
			isa = XCBuildConfiguration;
			buildSettings = {
				LIBRARY_SEARCH_PATHS = (
					"$(inherited)",
					/Users/dk/Documents/repositories/research.hg/src/DerivedData/research/Build/Products/Debug,
				);
				PRODUCT_NAME = "$(TARGET_NAME)";
			};
			name = Debug;
		};
		481E144A1C5FB89C00FF4F51 /* Release */ = {
			isa = XCBuildConfiguration;
			buildSettings = {
				LIBRARY_SEARCH_PATHS = (
					"$(inherited)",
					/Users/dk/Documents/repositories/research.hg/src/DerivedData/research/Build/Products/Debug,
				);
				PRODUCT_NAME = "$(TARGET_NAME)";
			};
			name = Release;
		};
		481F3C101C8DE3EE00325485 /* Debug */ = {
			isa = XCBuildConfiguration;
			buildSettings = {
				LIBRARY_SEARCH_PATHS = (
					"$(inherited)",
					/Users/dk/Documents/repositories/research.hg/src/DerivedData/research/Build/Products/Debug,
				);
				PRODUCT_NAME = "$(TARGET_NAME)";
			};
			name = Debug;
		};
		481F3C111C8DE3EE00325485 /* Release */ = {
			isa = XCBuildConfiguration;
			buildSettings = {
				LIBRARY_SEARCH_PATHS = (
					"$(inherited)",
					/Users/dk/Documents/repositories/research.hg/src/DerivedData/research/Build/Products/Debug,
				);
				PRODUCT_NAME = "$(TARGET_NAME)";
			};
			name = Release;
		};
		484A871F1C4185230029F05B /* Debug */ = {
			isa = XCBuildConfiguration;
			buildSettings = {
				LIBRARY_SEARCH_PATHS = (
					"$(inherited)",
					/Users/dk/Documents/repositories/research.hg/src/DerivedData/research/Build/Products/Debug,
				);
				PRODUCT_NAME = "$(TARGET_NAME)";
			};
			name = Debug;
		};
		484A87201C4185230029F05B /* Release */ = {
			isa = XCBuildConfiguration;
			buildSettings = {
				LIBRARY_SEARCH_PATHS = (
					"$(inherited)",
					/Users/dk/Documents/repositories/research.hg/src/DerivedData/research/Build/Products/Debug,
				);
				PRODUCT_NAME = "$(TARGET_NAME)";
			};
			name = Release;
		};
		484A872B1C4187C70029F05B /* Debug */ = {
			isa = XCBuildConfiguration;
			buildSettings = {
				LIBRARY_SEARCH_PATHS = (
					"$(inherited)",
					/Users/dk/Documents/repositories/research.hg/src/DerivedData/research/Build/Products/Debug,
				);
				PRODUCT_NAME = "$(TARGET_NAME)";
			};
			name = Debug;
		};
		484A872C1C4187C70029F05B /* Release */ = {
			isa = XCBuildConfiguration;
			buildSettings = {
				LIBRARY_SEARCH_PATHS = (
					"$(inherited)",
					/Users/dk/Documents/repositories/research.hg/src/DerivedData/research/Build/Products/Debug,
				);
				PRODUCT_NAME = "$(TARGET_NAME)";
			};
			name = Release;
		};
		48525B891C43CFD500D3F315 /* Debug */ = {
			isa = XCBuildConfiguration;
			buildSettings = {
				LIBRARY_SEARCH_PATHS = (
					"$(inherited)",
					/Users/dk/Documents/repositories/research.hg/src/DerivedData/research/Build/Products/Debug,
				);
				PRODUCT_NAME = "$(TARGET_NAME)";
			};
			name = Debug;
		};
		48525B8A1C43CFD500D3F315 /* Release */ = {
			isa = XCBuildConfiguration;
			buildSettings = {
				LIBRARY_SEARCH_PATHS = (
					"$(inherited)",
					/Users/dk/Documents/repositories/research.hg/src/DerivedData/research/Build/Products/Debug,
				);
				PRODUCT_NAME = "$(TARGET_NAME)";
			};
			name = Release;
		};
		48525B961C44674100D3F315 /* Debug */ = {
			isa = XCBuildConfiguration;
			buildSettings = {
				LIBRARY_SEARCH_PATHS = (
					"$(inherited)",
					/Users/dk/Documents/repositories/research.hg/src/DerivedData/research/Build/Products/Debug,
				);
				PRODUCT_NAME = "$(TARGET_NAME)";
			};
			name = Debug;
		};
		48525B971C44674100D3F315 /* Release */ = {
			isa = XCBuildConfiguration;
			buildSettings = {
				LIBRARY_SEARCH_PATHS = (
					"$(inherited)",
					/Users/dk/Documents/repositories/research.hg/src/DerivedData/research/Build/Products/Debug,
				);
				PRODUCT_NAME = "$(TARGET_NAME)";
			};
			name = Release;
		};
		486110B51BED09E0009322A8 /* Debug */ = {
			isa = XCBuildConfiguration;
			buildSettings = {
				LIBRARY_SEARCH_PATHS = (
					"$(inherited)",
					/Users/dk/Documents/repositories/research.hg/src/DerivedData/research/Build/Products/Debug,
				);
				PRODUCT_NAME = ff_markov_migrate;
			};
			name = Debug;
		};
		486110B61BED09E0009322A8 /* Release */ = {
			isa = XCBuildConfiguration;
			buildSettings = {
				LIBRARY_SEARCH_PATHS = (
					"$(inherited)",
					/Users/dk/Documents/repositories/research.hg/src/DerivedData/research/Build/Products/Debug,
				);
				PRODUCT_NAME = ff_markov_migrate;
			};
			name = Release;
		};
		486CA5A21C4AD0D000D2EE43 /* Debug */ = {
			isa = XCBuildConfiguration;
			buildSettings = {
				LIBRARY_SEARCH_PATHS = (
					"$(inherited)",
					/Users/dk/Documents/repositories/research.hg/src/DerivedData/research/Build/Products/Debug,
				);
				PRODUCT_NAME = "$(TARGET_NAME)";
			};
			name = Debug;
		};
		486CA5A31C4AD0D000D2EE43 /* Release */ = {
			isa = XCBuildConfiguration;
			buildSettings = {
				LIBRARY_SEARCH_PATHS = (
					"$(inherited)",
					/Users/dk/Documents/repositories/research.hg/src/DerivedData/research/Build/Products/Debug,
				);
				PRODUCT_NAME = "$(TARGET_NAME)";
			};
			name = Release;
		};
		4873BC1C1BA891F9001F2D47 /* Debug */ = {
			isa = XCBuildConfiguration;
			buildSettings = {
				LIBRARY_SEARCH_PATHS = (
					"$(inherited)",
					/Users/dk/Documents/repositories/research.hg/src/DerivedData/research/Build/Products/Debug,
				);
				PRODUCT_NAME = french_flag;
			};
			name = Debug;
		};
		4873BC1D1BA891F9001F2D47 /* Release */ = {
			isa = XCBuildConfiguration;
			buildSettings = {
				LIBRARY_SEARCH_PATHS = (
					"$(inherited)",
					/Users/dk/Documents/repositories/research.hg/src/DerivedData/research/Build/Products/Debug,
				);
				PRODUCT_NAME = french_flag;
			};
			name = Release;
		};
		4873BC281BA9AA11001F2D47 /* Debug */ = {
			isa = XCBuildConfiguration;
			buildSettings = {
				LIBRARY_SEARCH_PATHS = (
					"$(inherited)",
					/Users/dk/Documents/repositories/research.hg/src/DerivedData/research/Build/Products/Debug,
				);
				PRODUCT_NAME = square_markov;
			};
			name = Debug;
		};
		4873BC291BA9AA11001F2D47 /* Release */ = {
			isa = XCBuildConfiguration;
			buildSettings = {
				LIBRARY_SEARCH_PATHS = (
					"$(inherited)",
					/Users/dk/Documents/repositories/research.hg/src/DerivedData/research/Build/Products/Debug,
				);
				PRODUCT_NAME = square_markov;
			};
			name = Release;
		};
		4875B5081C5997F1003C955D /* Debug */ = {
			isa = XCBuildConfiguration;
			buildSettings = {
				LIBRARY_SEARCH_PATHS = (
					"$(inherited)",
					/Users/dk/Documents/repositories/research.hg/src/DerivedData/research/Build/Products/Debug,
				);
				PRODUCT_NAME = "$(TARGET_NAME)";
			};
			name = Debug;
		};
		4875B5091C5997F1003C955D /* Release */ = {
			isa = XCBuildConfiguration;
			buildSettings = {
				LIBRARY_SEARCH_PATHS = (
					"$(inherited)",
					/Users/dk/Documents/repositories/research.hg/src/DerivedData/research/Build/Products/Debug,
				);
				PRODUCT_NAME = "$(TARGET_NAME)";
			};
			name = Release;
		};
		48BAE8911C68F16E005698AE /* Debug */ = {
			isa = XCBuildConfiguration;
			buildSettings = {
				LIBRARY_SEARCH_PATHS = (
					"$(inherited)",
					/Users/dk/Documents/repositories/research.hg/src/DerivedData/research/Build/Products/Debug,
				);
				PRODUCT_NAME = "$(TARGET_NAME)";
			};
			name = Debug;
		};
		48BAE8921C68F16E005698AE /* Release */ = {
			isa = XCBuildConfiguration;
			buildSettings = {
				LIBRARY_SEARCH_PATHS = (
					"$(inherited)",
					/Users/dk/Documents/repositories/research.hg/src/DerivedData/research/Build/Products/Debug,
				);
				PRODUCT_NAME = "$(TARGET_NAME)";
			};
			name = Release;
		};
		48E1BFD11BB2EB9B00FA0BA3 /* Debug */ = {
			isa = XCBuildConfiguration;
			buildSettings = {
				LIBRARY_SEARCH_PATHS = (
					"$(inherited)",
					/Users/dk/Documents/repositories/research.hg/src/DerivedData/research/Build/Products/Debug,
				);
				PRODUCT_NAME = french_flag_markov;
			};
			name = Debug;
		};
		48E1BFD21BB2EB9B00FA0BA3 /* Release */ = {
			isa = XCBuildConfiguration;
			buildSettings = {
				LIBRARY_SEARCH_PATHS = (
					"$(inherited)",
					/Users/dk/Documents/repositories/research.hg/src/DerivedData/research/Build/Products/Debug,
				);
				PRODUCT_NAME = french_flag_markov;
			};
			name = Release;
		};
		48E57B621B98C4F100E630CC /* Debug */ = {
			isa = XCBuildConfiguration;
			buildSettings = {
				LIBRARY_SEARCH_PATHS = (
					"$(inherited)",
					/Users/dk/Documents/repositories/research.hg/src/DerivedData/research/Build/Products/Debug,
				);
				PRODUCT_NAME = square;
			};
			name = Debug;
		};
		48E57B631B98C4F100E630CC /* Release */ = {
			isa = XCBuildConfiguration;
			buildSettings = {
				LIBRARY_SEARCH_PATHS = (
					"$(inherited)",
					/Users/dk/Documents/repositories/research.hg/src/DerivedData/research/Build/Products/Debug,
				);
				PRODUCT_NAME = square;
			};
			name = Release;
		};
		48F6D1841CC2BD8E000BA5C1 /* Debug */ = {
			isa = XCBuildConfiguration;
			buildSettings = {
				LIBRARY_SEARCH_PATHS = (
					"$(inherited)",
					/Users/dk/Documents/repositories/research.hg/src/DerivedData/research/Build/Products/Debug,
				);
				PRODUCT_NAME = "$(TARGET_NAME)";
			};
			name = Debug;
		};
		48F6D1851CC2BD8E000BA5C1 /* Release */ = {
			isa = XCBuildConfiguration;
			buildSettings = {
				LIBRARY_SEARCH_PATHS = (
					"$(inherited)",
					/Users/dk/Documents/repositories/research.hg/src/DerivedData/research/Build/Products/Debug,
				);
				PRODUCT_NAME = "$(TARGET_NAME)";
			};
			name = Release;
		};
		48FF4C9019379E17001F0183 /* Debug */ = {
			isa = XCBuildConfiguration;
			buildSettings = {
				LIBRARY_SEARCH_PATHS = (
					"$(inherited)",
					/Users/dk/Documents/repositories/research.hg/src/DerivedData/research/Build/Products/Debug,
				);
				PRODUCT_NAME = stripes_multi;
			};
			name = Debug;
		};
		48FF4C9119379E17001F0183 /* Release */ = {
			isa = XCBuildConfiguration;
			buildSettings = {
				LIBRARY_SEARCH_PATHS = (
					"$(inherited)",
					/Users/dk/Documents/repositories/research.hg/src/DerivedData/research/Build/Products/Debug,
				);
				PRODUCT_NAME = stripes_multi;
			};
			name = Release;
		};
/* End XCBuildConfiguration section */

/* Begin XCConfigurationList section */
		424419ED15861127009863BE /* Build configuration list for PBXProject "hourglass" */ = {
			isa = XCConfigurationList;
			buildConfigurations = (
				424419FB15861127009863BE /* Debug */,
				424419FC15861127009863BE /* Release */,
			);
			defaultConfigurationIsVisible = 0;
			defaultConfigurationName = Release;
		};
		481E14481C5FB89C00FF4F51 /* Build configuration list for PBXNativeTarget "island" */ = {
			isa = XCConfigurationList;
			buildConfigurations = (
				481E14491C5FB89C00FF4F51 /* Debug */,
				481E144A1C5FB89C00FF4F51 /* Release */,
			);
			defaultConfigurationIsVisible = 0;
			defaultConfigurationName = Release;
		};
		481F3C0F1C8DE3EE00325485 /* Build configuration list for PBXNativeTarget "body_plans" */ = {
			isa = XCConfigurationList;
			buildConfigurations = (
				481F3C101C8DE3EE00325485 /* Debug */,
				481F3C111C8DE3EE00325485 /* Release */,
			);
			defaultConfigurationIsVisible = 0;
			defaultConfigurationName = Release;
		};
		484A871E1C4185230029F05B /* Build configuration list for PBXNativeTarget "six_rectangles" */ = {
			isa = XCConfigurationList;
			buildConfigurations = (
				484A871F1C4185230029F05B /* Debug */,
				484A87201C4185230029F05B /* Release */,
			);
			defaultConfigurationIsVisible = 0;
			defaultConfigurationName = Release;
		};
		484A872A1C4187C70029F05B /* Build configuration list for PBXNativeTarget "nine_rectangles" */ = {
			isa = XCConfigurationList;
			buildConfigurations = (
				484A872B1C4187C70029F05B /* Debug */,
				484A872C1C4187C70029F05B /* Release */,
			);
			defaultConfigurationIsVisible = 0;
			defaultConfigurationName = Release;
		};
		48525B881C43CFD500D3F315 /* Build configuration list for PBXNativeTarget "scaffolding" */ = {
			isa = XCConfigurationList;
			buildConfigurations = (
				48525B891C43CFD500D3F315 /* Debug */,
				48525B8A1C43CFD500D3F315 /* Release */,
			);
			defaultConfigurationIsVisible = 0;
			defaultConfigurationName = Release;
		};
		48525B951C44674100D3F315 /* Build configuration list for PBXNativeTarget "skinny3" */ = {
			isa = XCConfigurationList;
			buildConfigurations = (
				48525B961C44674100D3F315 /* Debug */,
				48525B971C44674100D3F315 /* Release */,
			);
			defaultConfigurationIsVisible = 0;
			defaultConfigurationName = Release;
		};
		486110B41BED09E0009322A8 /* Build configuration list for PBXNativeTarget "ff_markov_migration" */ = {
			isa = XCConfigurationList;
			buildConfigurations = (
				486110B51BED09E0009322A8 /* Debug */,
				486110B61BED09E0009322A8 /* Release */,
			);
			defaultConfigurationIsVisible = 0;
			defaultConfigurationName = Release;
		};
		486CA5A11C4AD0D000D2EE43 /* Build configuration list for PBXNativeTarget "outline_split" */ = {
			isa = XCConfigurationList;
			buildConfigurations = (
				486CA5A21C4AD0D000D2EE43 /* Debug */,
				486CA5A31C4AD0D000D2EE43 /* Release */,
			);
			defaultConfigurationIsVisible = 0;
			defaultConfigurationName = Release;
		};
		4873BC1B1BA891F9001F2D47 /* Build configuration list for PBXNativeTarget "french_flag" */ = {
			isa = XCConfigurationList;
			buildConfigurations = (
				4873BC1C1BA891F9001F2D47 /* Debug */,
				4873BC1D1BA891F9001F2D47 /* Release */,
			);
			defaultConfigurationIsVisible = 0;
			defaultConfigurationName = Release;
		};
		4873BC271BA9AA11001F2D47 /* Build configuration list for PBXNativeTarget "square_markov" */ = {
			isa = XCConfigurationList;
			buildConfigurations = (
				4873BC281BA9AA11001F2D47 /* Debug */,
				4873BC291BA9AA11001F2D47 /* Release */,
			);
			defaultConfigurationIsVisible = 0;
			defaultConfigurationName = Release;
		};
		4875B5071C5997F1003C955D /* Build configuration list for PBXNativeTarget "steppingstones" */ = {
			isa = XCConfigurationList;
			buildConfigurations = (
				4875B5081C5997F1003C955D /* Debug */,
				4875B5091C5997F1003C955D /* Release */,
			);
			defaultConfigurationIsVisible = 0;
			defaultConfigurationName = Release;
		};
		48BAE8901C68F16E005698AE /* Build configuration list for PBXNativeTarget "outline_quad" */ = {
			isa = XCConfigurationList;
			buildConfigurations = (
				48BAE8911C68F16E005698AE /* Debug */,
				48BAE8921C68F16E005698AE /* Release */,
			);
			defaultConfigurationIsVisible = 0;
			defaultConfigurationName = Release;
		};
		48E1BFD01BB2EB9B00FA0BA3 /* Build configuration list for PBXNativeTarget "french_flag_markov" */ = {
			isa = XCConfigurationList;
			buildConfigurations = (
				48E1BFD11BB2EB9B00FA0BA3 /* Debug */,
				48E1BFD21BB2EB9B00FA0BA3 /* Release */,
			);
			defaultConfigurationIsVisible = 0;
			defaultConfigurationName = Release;
		};
		48E57B611B98C4F100E630CC /* Build configuration list for PBXNativeTarget "square" */ = {
			isa = XCConfigurationList;
			buildConfigurations = (
				48E57B621B98C4F100E630CC /* Debug */,
				48E57B631B98C4F100E630CC /* Release */,
			);
			defaultConfigurationIsVisible = 0;
			defaultConfigurationName = Release;
		};
		48F6D1831CC2BD8E000BA5C1 /* Build configuration list for PBXNativeTarget "new_body_plans" */ = {
			isa = XCConfigurationList;
			buildConfigurations = (
				48F6D1841CC2BD8E000BA5C1 /* Debug */,
				48F6D1851CC2BD8E000BA5C1 /* Release */,
			);
			defaultConfigurationIsVisible = 0;
			defaultConfigurationName = Release;
		};
		48FF4C8F19379E17001F0183 /* Build configuration list for PBXNativeTarget "stripes_multi" */ = {
			isa = XCConfigurationList;
			buildConfigurations = (
				48FF4C9019379E17001F0183 /* Debug */,
				48FF4C9119379E17001F0183 /* Release */,
			);
			defaultConfigurationIsVisible = 0;
			defaultConfigurationName = Release;
		};
/* End XCConfigurationList section */
	};
	rootObject = 424419EA15861127009863BE /* Project object */;
}
